{
  "name": "LunaCare",
  "lockfileVersion": 3,
  "requires": true,
  "packages": {
    "": {
      "dependencies": {
        "@dietrichgebert/ponytail": "github:DietrichGebert/ponytail"
      }
    },
    "node_modules/@dietrichgebert/ponytail": {
      "version": "4.8.4",
      "resolved": "git+ssh://git@github.com/DietrichGebert/ponytail.git#16f29800fd2681bdf24f3eb4ccffe38be3baec6b",
      "license": "MIT"
    }
  }
}
